{
  "name": "portofolio",
  "lockfileVersion": 3,
  "requires": true,
  "packages": {
    "": {
      "dependencies": {
        "swiper": "^11.1.7"
      }
    },
    "node_modules/swiper": {
      "version": "11.1.7",
      "resolved": "https://registry.npmjs.org/swiper/-/swiper-11.1.7.tgz",
      "integrity": "sha512-2EpQvhgKb+DNbi8/i9uRXhddivcMZQxca341t2NZYV1xroCR2p4YtYd3azuqRQ4OEBGcG4nv3aN24O80bMipow==",
      "funding": [
        {
          "type": "patreon",
          "url": "https://www.patreon.com/swiperjs"
        },
        {
          "type": "open_collective",
          "url": "http://opencollective.com/swiper"
        }
      ],
      "license": "MIT",
      "engines": {
        "node": ">= 4.7.0"
      }
    }
  }
}
